("quicklisp" .
 (:class qlot/source/dist:source-dist
  :initargs (:distribution "https://beta.quicklisp.org/dist/quicklisp.txt" :%version :latest)
  :version "2023-10-21"))
("ultralisp" .
 (:class qlot/source/dist:source-dist
  :initargs (:distribution "https://dist.ultralisp.org/" :%version :latest)
  :version "20240531120502"))
("alexandria" .
 (:class qlot/source/ql:source-ql
  :initargs (:%version :latest)
  :version "ql-2023-10-21"))
("assoc-utils" .
 (:class qlot/source/ql:source-ql
  :initargs (:%version :latest)
  :version "ql-2023-10-21"))
("cl-sdl2" .
 (:class qlot/source/github:source-github
  :initargs (:repos "ellisvelo/cl-sdl2" :ref nil :branch nil :tag nil)
  :version "github-fe8a1638dcadae3ea1e5627897cad3aa99f95635"))
("cl-sdl2-image" .
 (:class qlot/source/github:source-github
  :initargs (:repos "ellisvelo/cl-sdl2-image" :ref nil :branch nil :tag nil)
  :version "github-8734b0e24de9ca390c9f763d9d7cd501546d17d4"))
("cl-sdl2-hershey" .
 (:class qlot/source/github:source-github
  :initargs (:repos "justjoheinz/cl-sdl2-hershey" :ref nil :branch nil :tag nil)
  :version "github-c06082a39f8fa96657a868480b516719a09708ac"))
("event-emitter" .
 (:class qlot/source/github:source-github
  :initargs (:repos "justjoheinz/event-emitter" :ref nil :branch nil :tag nil)
  :version "github-1de163a8241180082f6149300bf0e1b46fe199cb"))
