("quicklisp" .
 (:class qlot/source/dist:source-dist
  :initargs (:distribution "https://beta.quicklisp.org/dist/quicklisp.txt" :%version :latest)
  :version "2025-06-22"))
("ultralisp" .
 (:class qlot/source/dist:source-dist
  :initargs (:distribution "https://dist.ultralisp.org/" :%version :latest)
  :version "20251203050500"))
("alexandria" .
 (:class qlot/source/ql:source-ql
  :initargs (:%version :latest)
  :version "ql-2025-06-22"))
("assoc-utils" .
 (:class qlot/source/ql:source-ql
  :initargs (:%version :latest)
  :version "ql-2025-06-22"))
("cl-sdl2" .
 (:class qlot/source/github:source-github
  :initargs (:repos "ellisvelo/cl-sdl2" :ref nil :branch nil :tag nil)
  :version "github-048c73a3c7c54aafdb2a1ca0e8ae1120e781779a"))
("cl-sdl2-image" .
 (:class qlot/source/github:source-github
  :initargs (:repos "ellisvelo/cl-sdl2-image" :ref nil :branch nil :tag nil)
  :version "github-290e854c38b60fa2a9d29fb19ffb729fbba85c54"))
("cl-sdl2-hershey" .
 (:class qlot/source/github:source-github
  :initargs (:repos "justjoheinz/cl-sdl2-hershey" :ref nil :branch nil :tag nil)
  :version "github-290be4eeffdd584af94cbe482e60cb41e8975824"))
("event-emitter" .
 (:class qlot/source/github:source-github
  :initargs (:repos "justjoheinz/event-emitter" :ref nil :branch nil :tag nil)
  :version "github-1de163a8241180082f6149300bf0e1b46fe199cb"))
("alive-lsp" .
 (:class qlot/source/github:source-github
  :initargs (:repos "nobody-famous/alive-lsp" :ref nil :branch nil :tag nil)
  :version "github-abdaa508a2fed5f70865ad3fc38b58570f518eaa"))
